// !$*UTF8*$!
{
	archiveVersion = 1;
	classes = {
	};
	objectVersion = 56;
	objects = {

/* Begin PBXBuildFile section */
		B01BE2702B1EC035009C8981 /* FlatmatecreateController.swift in Sources */ = {isa = PBXBuildFile; fileRef = B01BE26F2B1EC035009C8981 /* FlatmatecreateController.swift */; };
		B01BE2722B1FD61F009C8981 /* FlatmateTableview.swift in Sources */ = {isa = PBXBuildFile; fileRef = B01BE2712B1FD61F009C8981 /* FlatmateTableview.swift */; };
		B01BE2742B1FDA84009C8981 /* User.swift in Sources */ = {isa = PBXBuildFile; fileRef = B01BE2732B1FDA84009C8981 /* User.swift */; };
		B01BE2772B1FEEDB009C8981 /* PasswordEntryViewController.swift in Sources */ = {isa = PBXBuildFile; fileRef = B01BE2762B1FEEDB009C8981 /* PasswordEntryViewController.swift */; };
		B01EAB002B182B6900A12BA6 /* AppDelegate.swift in Sources */ = {isa = PBXBuildFile; fileRef = B01EAAFF2B182B6900A12BA6 /* AppDelegate.swift */; };
		B01EAB022B182B6900A12BA6 /* SceneDelegate.swift in Sources */ = {isa = PBXBuildFile; fileRef = B01EAB012B182B6900A12BA6 /* SceneDelegate.swift */; };
		B01EAB042B182B6900A12BA6 /* ViewController.swift in Sources */ = {isa = PBXBuildFile; fileRef = B01EAB032B182B6900A12BA6 /* ViewController.swift */; };
		B01EAB072B182B6900A12BA6 /* Main.storyboard in Resources */ = {isa = PBXBuildFile; fileRef = B01EAB052B182B6900A12BA6 /* Main.storyboard */; };
		B01EAB0A2B182B6900A12BA6 /* splitwise.xcdatamodeld in Sources */ = {isa = PBXBuildFile; fileRef = B01EAB082B182B6900A12BA6 /* splitwise.xcdatamodeld */; };
		B01EAB0C2B182B6A00A12BA6 /* Assets.xcassets in Resources */ = {isa = PBXBuildFile; fileRef = B01EAB0B2B182B6A00A12BA6 /* Assets.xcassets */; };
		B01EAB0F2B182B6A00A12BA6 /* LaunchScreen.storyboard in Resources */ = {isa = PBXBuildFile; fileRef = B01EAB0D2B182B6A00A12BA6 /* LaunchScreen.storyboard */; };
		B03668D42B26C31800D0FA06 /* ProfileUpdateViewController.swift in Sources */ = {isa = PBXBuildFile; fileRef = B03668D32B26C31800D0FA06 /* ProfileUpdateViewController.swift */; };
		B06E4E1C2B2BE3900083760E /* GroupExpense.swift in Sources */ = {isa = PBXBuildFile; fileRef = B06E4E1B2B2BE3900083760E /* GroupExpense.swift */; };
		B0A503282B1AB2EE006B41EF /* MainController.swift in Sources */ = {isa = PBXBuildFile; fileRef = B0A503272B1AB2EE006B41EF /* MainController.swift */; };
		B0A5032A2B1ACD14006B41EF /* FlatLoginViewController.swift in Sources */ = {isa = PBXBuildFile; fileRef = B0A503292B1ACD14006B41EF /* FlatLoginViewController.swift */; };
		B0A5032D2B1BA8AD006B41EF /* FlatLandingController.swift in Sources */ = {isa = PBXBuildFile; fileRef = B0A5032C2B1BA8AD006B41EF /* FlatLandingController.swift */; };
		B0C4ADD12B2C2CB0006032F2 /* GroupExpenseModel.swift in Sources */ = {isa = PBXBuildFile; fileRef = B0C4ADD02B2C2CAF006032F2 /* GroupExpenseModel.swift */; };
		B0C4ADD32B2C2D00006032F2 /* ListUserTable.swift in Sources */ = {isa = PBXBuildFile; fileRef = B0C4ADD22B2C2D00006032F2 /* ListUserTable.swift */; };
		B0C4ADD52B2C2D24006032F2 /* GroupExpenseViewController.swift in Sources */ = {isa = PBXBuildFile; fileRef = B0C4ADD42B2C2D24006032F2 /* GroupExpenseViewController.swift */; };
		B0C4ADD72B2C2D3B006032F2 /* AddGroupExpense.swift in Sources */ = {isa = PBXBuildFile; fileRef = B0C4ADD62B2C2D3B006032F2 /* AddGroupExpense.swift */; };
		B0C4ADD92B2CFE80006032F2 /* UserLanding.swift in Sources */ = {isa = PBXBuildFile; fileRef = B0C4ADD82B2CFE80006032F2 /* UserLanding.swift */; };
		B0DED4742B28E72300F6F34B /* AddExpense.swift in Sources */ = {isa = PBXBuildFile; fileRef = B0DED4732B28E72300F6F34B /* AddExpense.swift */; };
		B0DED4762B28F96800F6F34B /* Expense.swift in Sources */ = {isa = PBXBuildFile; fileRef = B0DED4752B28F96800F6F34B /* Expense.swift */; };
		B0DED4782B28FDEB00F6F34B /* ExpensesTableViewController.swift in Sources */ = {isa = PBXBuildFile; fileRef = B0DED4772B28FDEB00F6F34B /* ExpensesTableViewController.swift */; };
		B0DED47A2B28FE4200F6F34B /* PersonalExpenseUpdateViewController.swift in Sources */ = {isa = PBXBuildFile; fileRef = B0DED4792B28FE4200F6F34B /* PersonalExpenseUpdateViewController.swift */; };
		B0DED47D2B29310F00F6F34B /* refrence.swift in Sources */ = {isa = PBXBuildFile; fileRef = B0DED47C2B29310F00F6F34B /* refrence.swift */; };
/* End PBXBuildFile section */

/* Begin PBXFileReference section */
		B01BE26F2B1EC035009C8981 /* FlatmatecreateController.swift */ = {isa = PBXFileReference; lastKnownFileType = sourcecode.swift; path = FlatmatecreateController.swift; sourceTree = "<group>"; };
		B01BE2712B1FD61F009C8981 /* FlatmateTableview.swift */ = {isa = PBXFileReference; lastKnownFileType = sourcecode.swift; path = FlatmateTableview.swift; sourceTree = "<group>"; };
		B01BE2732B1FDA84009C8981 /* User.swift */ = {isa = PBXFileReference; lastKnownFileType = sourcecode.swift; path = User.swift; sourceTree = "<group>"; };
		B01BE2762B1FEEDB009C8981 /* PasswordEntryViewController.swift */ = {isa = PBXFileReference; lastKnownFileType = sourcecode.swift; path = PasswordEntryViewController.swift; sourceTree = "<group>"; };
		B01EAAFC2B182B6900A12BA6 /* splitwise.app */ = {isa = PBXFileReference; explicitFileType = wrapper.application; includeInIndex = 0; path = splitwise.app; sourceTree = BUILT_PRODUCTS_DIR; };
		B01EAAFF2B182B6900A12BA6 /* AppDelegate.swift */ = {isa = PBXFileReference; lastKnownFileType = sourcecode.swift; path = AppDelegate.swift; sourceTree = "<group>"; };
		B01EAB012B182B6900A12BA6 /* SceneDelegate.swift */ = {isa = PBXFileReference; lastKnownFileType = sourcecode.swift; path = SceneDelegate.swift; sourceTree = "<group>"; };
		B01EAB032B182B6900A12BA6 /* ViewController.swift */ = {isa = PBXFileReference; lastKnownFileType = sourcecode.swift; path = ViewController.swift; sourceTree = "<group>"; };
		B01EAB062B182B6900A12BA6 /* Base */ = {isa = PBXFileReference; lastKnownFileType = file.storyboard; name = Base; path = Base.lproj/Main.storyboard; sourceTree = "<group>"; };
		B01EAB092B182B6900A12BA6 /* splitwise.xcdatamodel */ = {isa = PBXFileReference; lastKnownFileType = wrapper.xcdatamodel; path = splitwise.xcdatamodel; sourceTree = "<group>"; };
		B01EAB0B2B182B6A00A12BA6 /* Assets.xcassets */ = {isa = PBXFileReference; lastKnownFileType = folder.assetcatalog; path = Assets.xcassets; sourceTree = "<group>"; };
		B01EAB0E2B182B6A00A12BA6 /* Base */ = {isa = PBXFileReference; lastKnownFileType = file.storyboard; name = Base; path = Base.lproj/LaunchScreen.storyboard; sourceTree = "<group>"; };
		B01EAB102B182B6A00A12BA6 /* Info.plist */ = {isa = PBXFileReference; lastKnownFileType = text.plist.xml; path = Info.plist; sourceTree = "<group>"; };
		B03668D32B26C31800D0FA06 /* ProfileUpdateViewController.swift */ = {isa = PBXFileReference; lastKnownFileType = sourcecode.swift; path = ProfileUpdateViewController.swift; sourceTree = "<group>"; };
		B06E4E1B2B2BE3900083760E /* GroupExpense.swift */ = {isa = PBXFileReference; lastKnownFileType = sourcecode.swift; path = GroupExpense.swift; sourceTree = "<group>"; };
		B0A503272B1AB2EE006B41EF /* MainController.swift */ = {isa = PBXFileReference; lastKnownFileType = sourcecode.swift; path = MainController.swift; sourceTree = "<group>"; };
		B0A503292B1ACD14006B41EF /* FlatLoginViewController.swift */ = {isa = PBXFileReference; lastKnownFileType = sourcecode.swift; path = FlatLoginViewController.swift; sourceTree = "<group>"; };
		B0A5032C2B1BA8AD006B41EF /* FlatLandingController.swift */ = {isa = PBXFileReference; lastKnownFileType = sourcecode.swift; path = FlatLandingController.swift; sourceTree = "<group>"; };
		B0C4ADD02B2C2CAF006032F2 /* GroupExpenseModel.swift */ = {isa = PBXFileReference; lastKnownFileType = sourcecode.swift; path = GroupExpenseModel.swift; sourceTree = "<group>"; };
		B0C4ADD22B2C2D00006032F2 /* ListUserTable.swift */ = {isa = PBXFileReference; fileEncoding = 4; lastKnownFileType = sourcecode.swift; name = ListUserTable.swift; path = ../../../../../Downloads/ListUserTable.swift; sourceTree = "<group>"; };
		B0C4ADD42B2C2D24006032F2 /* GroupExpenseViewController.swift */ = {isa = PBXFileReference; fileEncoding = 4; lastKnownFileType = sourcecode.swift; name = GroupExpenseViewController.swift; path = ../../../../../Downloads/GroupExpenseViewController.swift; sourceTree = "<group>"; };
		B0C4ADD62B2C2D3B006032F2 /* AddGroupExpense.swift */ = {isa = PBXFileReference; fileEncoding = 4; lastKnownFileType = sourcecode.swift; name = AddGroupExpense.swift; path = ../../../../../Downloads/AddGroupExpense.swift; sourceTree = "<group>"; };
		B0C4ADD82B2CFE80006032F2 /* UserLanding.swift */ = {isa = PBXFileReference; lastKnownFileType = sourcecode.swift; path = UserLanding.swift; sourceTree = "<group>"; };
		B0DED4732B28E72300F6F34B /* AddExpense.swift */ = {isa = PBXFileReference; lastKnownFileType = sourcecode.swift; path = AddExpense.swift; sourceTree = "<group>"; };
		B0DED4752B28F96800F6F34B /* Expense.swift */ = {isa = PBXFileReference; lastKnownFileType = sourcecode.swift; path = Expense.swift; sourceTree = "<group>"; };
		B0DED4772B28FDEB00F6F34B /* ExpensesTableViewController.swift */ = {isa = PBXFileReference; lastKnownFileType = sourcecode.swift; path = ExpensesTableViewController.swift; sourceTree = "<group>"; };
		B0DED4792B28FE4200F6F34B /* PersonalExpenseUpdateViewController.swift */ = {isa = PBXFileReference; lastKnownFileType = sourcecode.swift; path = PersonalExpenseUpdateViewController.swift; sourceTree = "<group>"; };
		B0DED47C2B29310F00F6F34B /* refrence.swift */ = {isa = PBXFileReference; lastKnownFileType = sourcecode.swift; path = refrence.swift; sourceTree = "<group>"; };
/* End PBXFileReference section */

/* Begin PBXFrameworksBuildPhase section */
		B01EAAF92B182B6900A12BA6 /* Frameworks */ = {
			isa = PBXFrameworksBuildPhase;
			buildActionMask = 2147483647;
			files = (
			);
			runOnlyForDeploymentPostprocessing = 0;
		};
/* End PBXFrameworksBuildPhase section */

/* Begin PBXGroup section */
		B01BE2752B1FE12B009C8981 /* Models */ = {
			isa = PBXGroup;
			children = (
				B01BE2732B1FDA84009C8981 /* User.swift */,
				B0DED4752B28F96800F6F34B /* Expense.swift */,
				B0C4ADD02B2C2CAF006032F2 /* GroupExpenseModel.swift */,
			);
			path = Models;
			sourceTree = "<group>";
		};
		B01EAAF32B182B6900A12BA6 = {
			isa = PBXGroup;
			children = (
				B01EAAFE2B182B6900A12BA6 /* splitwise */,
				B01EAAFD2B182B6900A12BA6 /* Products */,
			);
			sourceTree = "<group>";
		};
		B01EAAFD2B182B6900A12BA6 /* Products */ = {
			isa = PBXGroup;
			children = (
				B01EAAFC2B182B6900A12BA6 /* splitwise.app */,
			);
			name = Products;
			sourceTree = "<group>";
		};
		B01EAAFE2B182B6900A12BA6 /* splitwise */ = {
			isa = PBXGroup;
			children = (
				B01EAAFF2B182B6900A12BA6 /* AppDelegate.swift */,
				B01EAB012B182B6900A12BA6 /* SceneDelegate.swift */,
				B01EAB032B182B6900A12BA6 /* ViewController.swift */,
				B01EAB052B182B6900A12BA6 /* Main.storyboard */,
				B0DED47B2B28FF7700F6F34B /* Personalexpense */,
				B01BE2752B1FE12B009C8981 /* Models */,
				B0A5032B2B1BA870006B41EF /* FlatLogin */,
				B01EAB0B2B182B6A00A12BA6 /* Assets.xcassets */,
				B01EAB0D2B182B6A00A12BA6 /* LaunchScreen.storyboard */,
				B01EAB102B182B6A00A12BA6 /* Info.plist */,
				B01EAB082B182B6900A12BA6 /* splitwise.xcdatamodeld */,
			);
			path = splitwise;
			sourceTree = "<group>";
		};
		B0A5032B2B1BA870006B41EF /* FlatLogin */ = {
			isa = PBXGroup;
			children = (
				B0A503272B1AB2EE006B41EF /* MainController.swift */,
				B0C4ADD82B2CFE80006032F2 /* UserLanding.swift */,
				B03668D32B26C31800D0FA06 /* ProfileUpdateViewController.swift */,
				B0A503292B1ACD14006B41EF /* FlatLoginViewController.swift */,
				B0A5032C2B1BA8AD006B41EF /* FlatLandingController.swift */,
				B01BE26F2B1EC035009C8981 /* FlatmatecreateController.swift */,
				B01BE2712B1FD61F009C8981 /* FlatmateTableview.swift */,
				B01BE2762B1FEEDB009C8981 /* PasswordEntryViewController.swift */,
			);
			path = FlatLogin;
			sourceTree = "<group>";
		};
		B0DED47B2B28FF7700F6F34B /* Personalexpense */ = {
			isa = PBXGroup;
			children = (
				B0DED4732B28E72300F6F34B /* AddExpense.swift */,
				B0DED47C2B29310F00F6F34B /* refrence.swift */,
				B0DED4772B28FDEB00F6F34B /* ExpensesTableViewController.swift */,
				B0DED4792B28FE4200F6F34B /* PersonalExpenseUpdateViewController.swift */,
				B06E4E1B2B2BE3900083760E /* GroupExpense.swift */,
				B0C4ADD22B2C2D00006032F2 /* ListUserTable.swift */,
				B0C4ADD62B2C2D3B006032F2 /* AddGroupExpense.swift */,
				B0C4ADD42B2C2D24006032F2 /* GroupExpenseViewController.swift */,
			);
			path = Personalexpense;
			sourceTree = "<group>";
		};
/* End PBXGroup section */

/* Begin PBXNativeTarget section */
		B01EAAFB2B182B6900A12BA6 /* splitwise */ = {
			isa = PBXNativeTarget;
			buildConfigurationList = B01EAB132B182B6A00A12BA6 /* Build configuration list for PBXNativeTarget "splitwise" */;
			buildPhases = (
				B01EAAF82B182B6900A12BA6 /* Sources */,
				B01EAAF92B182B6900A12BA6 /* Frameworks */,
				B01EAAFA2B182B6900A12BA6 /* Resources */,
			);
			buildRules = (
			);
			dependencies = (
			);
			name = splitwise;
			productName = splitwise;
			productReference = B01EAAFC2B182B6900A12BA6 /* splitwise.app */;
			productType = "com.apple.product-type.application";
		};
/* End PBXNativeTarget section */

/* Begin PBXProject section */
		B01EAAF42B182B6900A12BA6 /* Project object */ = {
			isa = PBXProject;
			attributes = {
				BuildIndependentTargetsInParallel = 1;
				LastSwiftUpdateCheck = 1430;
				LastUpgradeCheck = 1430;
				TargetAttributes = {
					B01EAAFB2B182B6900A12BA6 = {
						CreatedOnToolsVersion = 14.3.1;
					};
				};
			};
			buildConfigurationList = B01EAAF72B182B6900A12BA6 /* Build configuration list for PBXProject "splitwise" */;
			compatibilityVersion = "Xcode 14.0";
			developmentRegion = en;
			hasScannedForEncodings = 0;
			knownRegions = (
				en,
				Base,
			);
			mainGroup = B01EAAF32B182B6900A12BA6;
			productRefGroup = B01EAAFD2B182B6900A12BA6 /* Products */;
			projectDirPath = "";
			projectRoot = "";
			targets = (
				B01EAAFB2B182B6900A12BA6 /* splitwise */,
			);
		};
/* End PBXProject section */

/* Begin PBXResourcesBuildPhase section */
		B01EAAFA2B182B6900A12BA6 /* Resources */ = {
			isa = PBXResourcesBuildPhase;
			buildActionMask = 2147483647;
			files = (
				B01EAB0F2B182B6A00A12BA6 /* LaunchScreen.storyboard in Resources */,
				B01EAB0C2B182B6A00A12BA6 /* Assets.xcassets in Resources */,
				B01EAB072B182B6900A12BA6 /* Main.storyboard in Resources */,
			);
			runOnlyForDeploymentPostprocessing = 0;
		};
/* End PBXResourcesBuildPhase section */

/* Begin PBXSourcesBuildPhase section */
		B01EAAF82B182B6900A12BA6 /* Sources */ = {
			isa = PBXSourcesBuildPhase;
			buildActionMask = 2147483647;
			files = (
				B0DED4762B28F96800F6F34B /* Expense.swift in Sources */,
				B0A5032D2B1BA8AD006B41EF /* FlatLandingController.swift in Sources */,
				B0DED47A2B28FE4200F6F34B /* PersonalExpenseUpdateViewController.swift in Sources */,
				B01EAB042B182B6900A12BA6 /* ViewController.swift in Sources */,
				B0C4ADD52B2C2D24006032F2 /* GroupExpenseViewController.swift in Sources */,
				B01EAB002B182B6900A12BA6 /* AppDelegate.swift in Sources */,
				B01BE2702B1EC035009C8981 /* FlatmatecreateController.swift in Sources */,
				B06E4E1C2B2BE3900083760E /* GroupExpense.swift in Sources */,
				B0C4ADD92B2CFE80006032F2 /* UserLanding.swift in Sources */,
				B0DED47D2B29310F00F6F34B /* refrence.swift in Sources */,
				B0C4ADD12B2C2CB0006032F2 /* GroupExpenseModel.swift in Sources */,
				B0C4ADD72B2C2D3B006032F2 /* AddGroupExpense.swift in Sources */,
				B0C4ADD32B2C2D00006032F2 /* ListUserTable.swift in Sources */,
				B01EAB0A2B182B6900A12BA6 /* splitwise.xcdatamodeld in Sources */,
				B01EAB022B182B6900A12BA6 /* SceneDelegate.swift in Sources */,
				B01BE2772B1FEEDB009C8981 /* PasswordEntryViewController.swift in Sources */,
				B0A503282B1AB2EE006B41EF /* MainController.swift in Sources */,
				B0A5032A2B1ACD14006B41EF /* FlatLoginViewController.swift in Sources */,
				B03668D42B26C31800D0FA06 /* ProfileUpdateViewController.swift in Sources */,
				B0DED4742B28E72300F6F34B /* AddExpense.swift in Sources */,
				B01BE2742B1FDA84009C8981 /* User.swift in Sources */,
				B0DED4782B28FDEB00F6F34B /* ExpensesTableViewController.swift in Sources */,
				B01BE2722B1FD61F009C8981 /* FlatmateTableview.swift in Sources */,
			);
			runOnlyForDeploymentPostprocessing = 0;
		};
/* End PBXSourcesBuildPhase section */

/* Begin PBXVariantGroup section */
		B01EAB052B182B6900A12BA6 /* Main.storyboard */ = {
			isa = PBXVariantGroup;
			children = (
				B01EAB062B182B6900A12BA6 /* Base */,
			);
			name = Main.storyboard;
			sourceTree = "<group>";
		};
		B01EAB0D2B182B6A00A12BA6 /* LaunchScreen.storyboard */ = {
			isa = PBXVariantGroup;
			children = (
				B01EAB0E2B182B6A00A12BA6 /* Base */,
			);
			name = LaunchScreen.storyboard;
			sourceTree = "<group>";
		};
/* End PBXVariantGroup section */

/* Begin XCBuildConfiguration section */
		B01EAB112B182B6A00A12BA6 /* Debug */ = {
			isa = XCBuildConfiguration;
			buildSettings = {
				ALWAYS_SEARCH_USER_PATHS = NO;
				CLANG_ANALYZER_NONNULL = YES;
				CLANG_ANALYZER_NUMBER_OBJECT_CONVERSION = YES_AGGRESSIVE;
				CLANG_CXX_LANGUAGE_STANDARD = "gnu++20";
				CLANG_ENABLE_MODULES = YES;
				CLANG_ENABLE_OBJC_ARC = YES;
				CLANG_ENABLE_OBJC_WEAK = YES;
				CLANG_WARN_BLOCK_CAPTURE_AUTORELEASING = YES;
				CLANG_WARN_BOOL_CONVERSION = YES;
				CLANG_WARN_COMMA = YES;
				CLANG_WARN_CONSTANT_CONVERSION = YES;
				CLANG_WARN_DEPRECATED_OBJC_IMPLEMENTATIONS = YES;
				CLANG_WARN_DIRECT_OBJC_ISA_USAGE = YES_ERROR;
				CLANG_WARN_DOCUMENTATION_COMMENTS = YES;
				CLANG_WARN_EMPTY_BODY = YES;
				CLANG_WARN_ENUM_CONVERSION = YES;
				CLANG_WARN_INFINITE_RECURSION = YES;
				CLANG_WARN_INT_CONVERSION = YES;
				CLANG_WARN_NON_LITERAL_NULL_CONVERSION = YES;
				CLANG_WARN_OBJC_IMPLICIT_RETAIN_SELF = YES;
				CLANG_WARN_OBJC_LITERAL_CONVERSION = YES;
				CLANG_WARN_OBJC_ROOT_CLASS = YES_ERROR;
				CLANG_WARN_QUOTED_INCLUDE_IN_FRAMEWORK_HEADER = YES;
				CLANG_WARN_RANGE_LOOP_ANALYSIS = YES;
				CLANG_WARN_STRICT_PROTOTYPES = YES;
				CLANG_WARN_SUSPICIOUS_MOVE = YES;
				CLANG_WARN_UNGUARDED_AVAILABILITY = YES_AGGRESSIVE;
				CLANG_WARN_UNREACHABLE_CODE = YES;
				CLANG_WARN__DUPLICATE_METHOD_MATCH = YES;
				COPY_PHASE_STRIP = NO;
				DEBUG_INFORMATION_FORMAT = dwarf;
				ENABLE_STRICT_OBJC_MSGSEND = YES;
				ENABLE_TESTABILITY = YES;
				GCC_C_LANGUAGE_STANDARD = gnu11;
				GCC_DYNAMIC_NO_PIC = NO;
				GCC_NO_COMMON_BLOCKS = YES;
				GCC_OPTIMIZATION_LEVEL = 0;
				GCC_PREPROCESSOR_DEFINITIONS = (
					"DEBUG=1",
					"$(inherited)",
				);
				GCC_WARN_64_TO_32_BIT_CONVERSION = YES;
				GCC_WARN_ABOUT_RETURN_TYPE = YES_ERROR;
				GCC_WARN_UNDECLARED_SELECTOR = YES;
				GCC_WARN_UNINITIALIZED_AUTOS = YES_AGGRESSIVE;
				GCC_WARN_UNUSED_FUNCTION = YES;
				GCC_WARN_UNUSED_VARIABLE = YES;
				IPHONEOS_DEPLOYMENT_TARGET = 16.4;
				MTL_ENABLE_DEBUG_INFO = INCLUDE_SOURCE;
				MTL_FAST_MATH = YES;
				ONLY_ACTIVE_ARCH = YES;
				SDKROOT = iphoneos;
				SWIFT_ACTIVE_COMPILATION_CONDITIONS = DEBUG;
				SWIFT_OPTIMIZATION_LEVEL = "-Onone";
			};
			name = Debug;
		};
		B01EAB122B182B6A00A12BA6 /* Release */ = {
			isa = XCBuildConfiguration;
			buildSettings = {
				ALWAYS_SEARCH_USER_PATHS = NO;
				CLANG_ANALYZER_NONNULL = YES;
				CLANG_ANALYZER_NUMBER_OBJECT_CONVERSION = YES_AGGRESSIVE;
				CLANG_CXX_LANGUAGE_STANDARD = "gnu++20";
				CLANG_ENABLE_MODULES = YES;
				CLANG_ENABLE_OBJC_ARC = YES;
				CLANG_ENABLE_OBJC_WEAK = YES;
				CLANG_WARN_BLOCK_CAPTURE_AUTORELEASING = YES;
				CLANG_WARN_BOOL_CONVERSION = YES;
				CLANG_WARN_COMMA = YES;
				CLANG_WARN_CONSTANT_CONVERSION = YES;
				CLANG_WARN_DEPRECATED_OBJC_IMPLEMENTATIONS = YES;
				CLANG_WARN_DIRECT_OBJC_ISA_USAGE = YES_ERROR;
				CLANG_WARN_DOCUMENTATION_COMMENTS = YES;
				CLANG_WARN_EMPTY_BODY = YES;
				CLANG_WARN_ENUM_CONVERSION = YES;
				CLANG_WARN_INFINITE_RECURSION = YES;
				CLANG_WARN_INT_CONVERSION = YES;
				CLANG_WARN_NON_LITERAL_NULL_CONVERSION = YES;
				CLANG_WARN_OBJC_IMPLICIT_RETAIN_SELF = YES;
				CLANG_WARN_OBJC_LITERAL_CONVERSION = YES;
				CLANG_WARN_OBJC_ROOT_CLASS = YES_ERROR;
				CLANG_WARN_QUOTED_INCLUDE_IN_FRAMEWORK_HEADER = YES;
				CLANG_WARN_RANGE_LOOP_ANALYSIS = YES;
				CLANG_WARN_STRICT_PROTOTYPES = YES;
				CLANG_WARN_SUSPICIOUS_MOVE = YES;
				CLANG_WARN_UNGUARDED_AVAILABILITY = YES_AGGRESSIVE;
				CLANG_WARN_UNREACHABLE_CODE = YES;
				CLANG_WARN__DUPLICATE_METHOD_MATCH = YES;
				COPY_PHASE_STRIP = NO;
				DEBUG_INFORMATION_FORMAT = "dwarf-with-dsym";
				ENABLE_NS_ASSERTIONS = NO;
				ENABLE_STRICT_OBJC_MSGSEND = YES;
				GCC_C_LANGUAGE_STANDARD = gnu11;
				GCC_NO_COMMON_BLOCKS = YES;
				GCC_WARN_64_TO_32_BIT_CONVERSION = YES;
				GCC_WARN_ABOUT_RETURN_TYPE = YES_ERROR;
				GCC_WARN_UNDECLARED_SELECTOR = YES;
				GCC_WARN_UNINITIALIZED_AUTOS = YES_AGGRESSIVE;
				GCC_WARN_UNUSED_FUNCTION = YES;
				GCC_WARN_UNUSED_VARIABLE = YES;
				IPHONEOS_DEPLOYMENT_TARGET = 16.4;
				MTL_ENABLE_DEBUG_INFO = NO;
				MTL_FAST_MATH = YES;
				SDKROOT = iphoneos;
				SWIFT_COMPILATION_MODE = wholemodule;
				SWIFT_OPTIMIZATION_LEVEL = "-O";
				VALIDATE_PRODUCT = YES;
			};
			name = Release;
		};
		B01EAB142B182B6A00A12BA6 /* Debug */ = {
			isa = XCBuildConfiguration;
			buildSettings = {
				ASSETCATALOG_COMPILER_APPICON_NAME = AppIcon;
				ASSETCATALOG_COMPILER_GLOBAL_ACCENT_COLOR_NAME = AccentColor;
				CODE_SIGN_STYLE = Automatic;
				CURRENT_PROJECT_VERSION = 1;
				GENERATE_INFOPLIST_FILE = YES;
				INFOPLIST_FILE = splitwise/Info.plist;
				INFOPLIST_KEY_CFBundleDisplayName = Splitwise;
				INFOPLIST_KEY_UIApplicationSupportsIndirectInputEvents = YES;
				INFOPLIST_KEY_UILaunchStoryboardName = LaunchScreen;
				INFOPLIST_KEY_UIMainStoryboardFile = Main;
				INFOPLIST_KEY_UIStatusBarStyle = "";
				INFOPLIST_KEY_UISupportedInterfaceOrientations_iPad = "UIInterfaceOrientationPortrait UIInterfaceOrientationPortraitUpsideDown UIInterfaceOrientationLandscapeLeft UIInterfaceOrientationLandscapeRight";
				INFOPLIST_KEY_UISupportedInterfaceOrientations_iPhone = "UIInterfaceOrientationPortrait UIInterfaceOrientationLandscapeLeft UIInterfaceOrientationLandscapeRight";
				IPHONEOS_DEPLOYMENT_TARGET = 15.6;
				LD_RUNPATH_SEARCH_PATHS = (
					"$(inherited)",
					"@executable_path/Frameworks",
				);
				MARKETING_VERSION = 1.0;
				PRODUCT_BUNDLE_IDENTIFIER = com.neu.edu.splitwise;
				PRODUCT_NAME = "$(TARGET_NAME)";
				SWIFT_EMIT_LOC_STRINGS = YES;
				SWIFT_VERSION = 5.0;
				TARGETED_DEVICE_FAMILY = "1,2";
			};
			name = Debug;
		};
		B01EAB152B182B6A00A12BA6 /* Release */ = {
			isa = XCBuildConfiguration;
			buildSettings = {
				ASSETCATALOG_COMPILER_APPICON_NAME = AppIcon;
				ASSETCATALOG_COMPILER_GLOBAL_ACCENT_COLOR_NAME = AccentColor;
				CODE_SIGN_STYLE = Automatic;
				CURRENT_PROJECT_VERSION = 1;
				GENERATE_INFOPLIST_FILE = YES;
				INFOPLIST_FILE = splitwise/Info.plist;
				INFOPLIST_KEY_CFBundleDisplayName = Splitwise;
				INFOPLIST_KEY_UIApplicationSupportsIndirectInputEvents = YES;
				INFOPLIST_KEY_UILaunchStoryboardName = LaunchScreen;
				INFOPLIST_KEY_UIMainStoryboardFile = Main;
				INFOPLIST_KEY_UIStatusBarStyle = "";
				INFOPLIST_KEY_UISupportedInterfaceOrientations_iPad = "UIInterfaceOrientationPortrait UIInterfaceOrientationPortraitUpsideDown UIInterfaceOrientationLandscapeLeft UIInterfaceOrientationLandscapeRight";
				INFOPLIST_KEY_UISupportedInterfaceOrientations_iPhone = "UIInterfaceOrientationPortrait UIInterfaceOrientationLandscapeLeft UIInterfaceOrientationLandscapeRight";
				IPHONEOS_DEPLOYMENT_TARGET = 15.6;
				LD_RUNPATH_SEARCH_PATHS = (
					"$(inherited)",
					"@executable_path/Frameworks",
				);
				MARKETING_VERSION = 1.0;
				PRODUCT_BUNDLE_IDENTIFIER = com.neu.edu.splitwise;
				PRODUCT_NAME = "$(TARGET_NAME)";
				SWIFT_EMIT_LOC_STRINGS = YES;
				SWIFT_VERSION = 5.0;
				TARGETED_DEVICE_FAMILY = "1,2";
			};
			name = Release;
		};
/* End XCBuildConfiguration section */

/* Begin XCConfigurationList section */
		B01EAAF72B182B6900A12BA6 /* Build configuration list for PBXProject "splitwise" */ = {
			isa = XCConfigurationList;
			buildConfigurations = (
				B01EAB112B182B6A00A12BA6 /* Debug */,
				B01EAB122B182B6A00A12BA6 /* Release */,
			);
			defaultConfigurationIsVisible = 0;
			defaultConfigurationName = Release;
		};
		B01EAB132B182B6A00A12BA6 /* Build configuration list for PBXNativeTarget "splitwise" */ = {
			isa = XCConfigurationList;
			buildConfigurations = (
				B01EAB142B182B6A00A12BA6 /* Debug */,
				B01EAB152B182B6A00A12BA6 /* Release */,
			);
			defaultConfigurationIsVisible = 0;
			defaultConfigurationName = Release;
		};
/* End XCConfigurationList section */

/* Begin XCVersionGroup section */
		B01EAB082B182B6900A12BA6 /* splitwise.xcdatamodeld */ = {
			isa = XCVersionGroup;
			children = (
				B01EAB092B182B6900A12BA6 /* splitwise.xcdatamodel */,
			);
			currentVersion = B01EAB092B182B6900A12BA6 /* splitwise.xcdatamodel */;
			path = splitwise.xcdatamodeld;
			sourceTree = "<group>";
			versionGroupType = wrapper.xcdatamodel;
		};
/* End XCVersionGroup section */
	};
	rootObject = B01EAAF42B182B6900A12BA6 /* Project object */;
}
